Microsoft Visual Studio Solution File, Format Version 12.00
# Visual Studio Version 17
VisualStudioVersion = 17.5.2.0
MinimumVisualStudioVersion = 10.0.40219.1
Project("{FAE04EC0-301F-11D3-BF4B-00C04F79EFBC}") = "Vlc", "Vlc.csproj", "{429CC7C0-370C-4F9F-D707-7D2DA8E24404}"
EndProject
Global
	GlobalSection(SolutionConfigurationPlatforms) = preSolution
		Debug|Any CPU = Debug|Any CPU
		Release|Any CPU = Release|Any CPU
	EndGlobalSection
	GlobalSection(ProjectConfigurationPlatforms) = postSolution
		{429CC7C0-370C-4F9F-D707-7D2DA8E24404}.Debug|Any CPU.ActiveCfg = Debug|Any CPU
		{429CC7C0-370C-4F9F-D707-7D2DA8E24404}.Debug|Any CPU.Build.0 = Debug|Any CPU
		{429CC7C0-370C-4F9F-D707-7D2DA8E24404}.Release|Any CPU.ActiveCfg = Release|Any CPU
		{429CC7C0-370C-4F9F-D707-7D2DA8E24404}.Release|Any CPU.Build.0 = Release|Any CPU
	EndGlobalSection
	GlobalSection(SolutionProperties) = preSolution
		HideSolutionNode = FALSE
	EndGlobalSection
	GlobalSection(ExtensibilityGlobals) = postSolution
		SolutionGuid = {84F9CFD9-4B0D-42C2-B9E5-CC1739657AA3}
	EndGlobalSection
EndGlobal
